// !$*UTF8*$!
{
	archiveVersion = 1;
	classes = {
	};
	objectVersion = 56;
	objects = {

/* Begin PBXBuildFile section */
		B08FDE0D29E97EA2001C0CED /* AppDelegate.swift in Sources */ = {isa = PBXBuildFile; fileRef = B08FDE0C29E97EA2001C0CED /* AppDelegate.swift */; };
		B08FDE0F29E97EA2001C0CED /* SceneDelegate.swift in Sources */ = {isa = PBXBuildFile; fileRef = B08FDE0E29E97EA2001C0CED /* SceneDelegate.swift */; };
		B08FDE1629E97EA3001C0CED /* Assets.xcassets in Resources */ = {isa = PBXBuildFile; fileRef = B08FDE1529E97EA3001C0CED /* Assets.xcassets */; };
		B08FDE1929E97EA3001C0CED /* LaunchScreen.storyboard in Resources */ = {isa = PBXBuildFile; fileRef = B08FDE1729E97EA3001C0CED /* LaunchScreen.storyboard */; };
		B08FDE2429E97EA3001C0CED /* CleanSwiftExampleTests.swift in Sources */ = {isa = PBXBuildFile; fileRef = B08FDE2329E97EA3001C0CED /* CleanSwiftExampleTests.swift */; };
		B08FDE2E29E97EA3001C0CED /* CleanSwiftExampleUITests.swift in Sources */ = {isa = PBXBuildFile; fileRef = B08FDE2D29E97EA3001C0CED /* CleanSwiftExampleUITests.swift */; };
		B08FDE3029E97EA3001C0CED /* CleanSwiftExampleUITestsLaunchTests.swift in Sources */ = {isa = PBXBuildFile; fileRef = B08FDE2F29E97EA3001C0CED /* CleanSwiftExampleUITestsLaunchTests.swift */; };
		B08FDE3E29E97F03001C0CED /* AppCoordinator.swift in Sources */ = {isa = PBXBuildFile; fileRef = B08FDE3D29E97F03001C0CED /* AppCoordinator.swift */; };
		B08FDE4429E97F94001C0CED /* SearchAssembly.swift in Sources */ = {isa = PBXBuildFile; fileRef = B08FDE4329E97F94001C0CED /* SearchAssembly.swift */; };
		B08FDE4629E97F9A001C0CED /* SearchInteractor.swift in Sources */ = {isa = PBXBuildFile; fileRef = B08FDE4529E97F9A001C0CED /* SearchInteractor.swift */; };
		B08FDE4829E97FA0001C0CED /* SearchPresenter.swift in Sources */ = {isa = PBXBuildFile; fileRef = B08FDE4729E97FA0001C0CED /* SearchPresenter.swift */; };
		B08FDE4A29E97FA7001C0CED /* SearchState.swift in Sources */ = {isa = PBXBuildFile; fileRef = B08FDE4929E97FA7001C0CED /* SearchState.swift */; };
		B08FDE4C29E97FB0001C0CED /* SearchViewController.swift in Sources */ = {isa = PBXBuildFile; fileRef = B08FDE4B29E97FB0001C0CED /* SearchViewController.swift */; };
		B08FDE4E29E97FD8001C0CED /* SearchActions.swift in Sources */ = {isa = PBXBuildFile; fileRef = B08FDE4D29E97FD8001C0CED /* SearchActions.swift */; };
		B08FDE5029E97FDF001C0CED /* SearchLogic.swift in Sources */ = {isa = PBXBuildFile; fileRef = B08FDE4F29E97FDF001C0CED /* SearchLogic.swift */; };
		B08FDE5229E97FEB001C0CED /* SearchEntry.swift in Sources */ = {isa = PBXBuildFile; fileRef = B08FDE5129E97FEB001C0CED /* SearchEntry.swift */; };
		B08FDE5529E98115001C0CED /* GetUserWorker.swift in Sources */ = {isa = PBXBuildFile; fileRef = B08FDE5429E98115001C0CED /* GetUserWorker.swift */; };
		B08FDE5729E98202001C0CED /* SearchProtocols.swift in Sources */ = {isa = PBXBuildFile; fileRef = B08FDE5629E98202001C0CED /* SearchProtocols.swift */; };
		B08FDE5929E982F0001C0CED /* Assembling.swift in Sources */ = {isa = PBXBuildFile; fileRef = B08FDE5829E982F0001C0CED /* Assembling.swift */; };
		B08FDE5C29E985B0001C0CED /* LocalisationMapper.swift in Sources */ = {isa = PBXBuildFile; fileRef = B08FDE5B29E985B0001C0CED /* LocalisationMapper.swift */; };
		B08FDE6029E98654001C0CED /* Factory in Frameworks */ = {isa = PBXBuildFile; productRef = B08FDE5F29E98654001C0CED /* Factory */; };
		B08FDE6229E98670001C0CED /* DependencyManager.swift in Sources */ = {isa = PBXBuildFile; fileRef = B08FDE6129E98670001C0CED /* DependencyManager.swift */; };
/* End PBXBuildFile section */

/* Begin PBXContainerItemProxy section */
		B08FDE2029E97EA3001C0CED /* PBXContainerItemProxy */ = {
			isa = PBXContainerItemProxy;
			containerPortal = B08FDE0129E97EA2001C0CED /* Project object */;
			proxyType = 1;
			remoteGlobalIDString = B08FDE0829E97EA2001C0CED;
			remoteInfo = CleanSwiftExample;
		};
		B08FDE2A29E97EA3001C0CED /* PBXContainerItemProxy */ = {
			isa = PBXContainerItemProxy;
			containerPortal = B08FDE0129E97EA2001C0CED /* Project object */;
			proxyType = 1;
			remoteGlobalIDString = B08FDE0829E97EA2001C0CED;
			remoteInfo = CleanSwiftExample;
		};
/* End PBXContainerItemProxy section */

/* Begin PBXFileReference section */
		B08FDE0929E97EA2001C0CED /* CleanSwiftExample.app */ = {isa = PBXFileReference; explicitFileType = wrapper.application; includeInIndex = 0; path = CleanSwiftExample.app; sourceTree = BUILT_PRODUCTS_DIR; };
		B08FDE0C29E97EA2001C0CED /* AppDelegate.swift */ = {isa = PBXFileReference; lastKnownFileType = sourcecode.swift; path = AppDelegate.swift; sourceTree = "<group>"; };
		B08FDE0E29E97EA2001C0CED /* SceneDelegate.swift */ = {isa = PBXFileReference; lastKnownFileType = sourcecode.swift; path = SceneDelegate.swift; sourceTree = "<group>"; };
		B08FDE1529E97EA3001C0CED /* Assets.xcassets */ = {isa = PBXFileReference; lastKnownFileType = folder.assetcatalog; path = Assets.xcassets; sourceTree = "<group>"; };
		B08FDE1829E97EA3001C0CED /* Base */ = {isa = PBXFileReference; lastKnownFileType = file.storyboard; name = Base; path = Base.lproj/LaunchScreen.storyboard; sourceTree = "<group>"; };
		B08FDE1A29E97EA3001C0CED /* Info.plist */ = {isa = PBXFileReference; lastKnownFileType = text.plist.xml; path = Info.plist; sourceTree = "<group>"; };
		B08FDE1F29E97EA3001C0CED /* CleanSwiftExampleTests.xctest */ = {isa = PBXFileReference; explicitFileType = wrapper.cfbundle; includeInIndex = 0; path = CleanSwiftExampleTests.xctest; sourceTree = BUILT_PRODUCTS_DIR; };
		B08FDE2329E97EA3001C0CED /* CleanSwiftExampleTests.swift */ = {isa = PBXFileReference; lastKnownFileType = sourcecode.swift; path = CleanSwiftExampleTests.swift; sourceTree = "<group>"; };
		B08FDE2929E97EA3001C0CED /* CleanSwiftExampleUITests.xctest */ = {isa = PBXFileReference; explicitFileType = wrapper.cfbundle; includeInIndex = 0; path = CleanSwiftExampleUITests.xctest; sourceTree = BUILT_PRODUCTS_DIR; };
		B08FDE2D29E97EA3001C0CED /* CleanSwiftExampleUITests.swift */ = {isa = PBXFileReference; lastKnownFileType = sourcecode.swift; path = CleanSwiftExampleUITests.swift; sourceTree = "<group>"; };
		B08FDE2F29E97EA3001C0CED /* CleanSwiftExampleUITestsLaunchTests.swift */ = {isa = PBXFileReference; lastKnownFileType = sourcecode.swift; path = CleanSwiftExampleUITestsLaunchTests.swift; sourceTree = "<group>"; };
		B08FDE3D29E97F03001C0CED /* AppCoordinator.swift */ = {isa = PBXFileReference; lastKnownFileType = sourcecode.swift; path = AppCoordinator.swift; sourceTree = "<group>"; };
		B08FDE4329E97F94001C0CED /* SearchAssembly.swift */ = {isa = PBXFileReference; lastKnownFileType = sourcecode.swift; path = SearchAssembly.swift; sourceTree = "<group>"; };
		B08FDE4529E97F9A001C0CED /* SearchInteractor.swift */ = {isa = PBXFileReference; lastKnownFileType = sourcecode.swift; path = SearchInteractor.swift; sourceTree = "<group>"; };
		B08FDE4729E97FA0001C0CED /* SearchPresenter.swift */ = {isa = PBXFileReference; lastKnownFileType = sourcecode.swift; path = SearchPresenter.swift; sourceTree = "<group>"; };
		B08FDE4929E97FA7001C0CED /* SearchState.swift */ = {isa = PBXFileReference; lastKnownFileType = sourcecode.swift; path = SearchState.swift; sourceTree = "<group>"; };
		B08FDE4B29E97FB0001C0CED /* SearchViewController.swift */ = {isa = PBXFileReference; lastKnownFileType = sourcecode.swift; path = SearchViewController.swift; sourceTree = "<group>"; };
		B08FDE4D29E97FD8001C0CED /* SearchActions.swift */ = {isa = PBXFileReference; lastKnownFileType = sourcecode.swift; path = SearchActions.swift; sourceTree = "<group>"; };
		B08FDE4F29E97FDF001C0CED /* SearchLogic.swift */ = {isa = PBXFileReference; lastKnownFileType = sourcecode.swift; path = SearchLogic.swift; sourceTree = "<group>"; };
		B08FDE5129E97FEB001C0CED /* SearchEntry.swift */ = {isa = PBXFileReference; lastKnownFileType = sourcecode.swift; path = SearchEntry.swift; sourceTree = "<group>"; };
		B08FDE5429E98115001C0CED /* GetUserWorker.swift */ = {isa = PBXFileReference; lastKnownFileType = sourcecode.swift; path = GetUserWorker.swift; sourceTree = "<group>"; };
		B08FDE5629E98202001C0CED /* SearchProtocols.swift */ = {isa = PBXFileReference; lastKnownFileType = sourcecode.swift; path = SearchProtocols.swift; sourceTree = "<group>"; };
		B08FDE5829E982F0001C0CED /* Assembling.swift */ = {isa = PBXFileReference; lastKnownFileType = sourcecode.swift; path = Assembling.swift; sourceTree = "<group>"; };
		B08FDE5B29E985B0001C0CED /* LocalisationMapper.swift */ = {isa = PBXFileReference; lastKnownFileType = sourcecode.swift; path = LocalisationMapper.swift; sourceTree = "<group>"; };
		B08FDE6129E98670001C0CED /* DependencyManager.swift */ = {isa = PBXFileReference; lastKnownFileType = sourcecode.swift; path = DependencyManager.swift; sourceTree = "<group>"; };
/* End PBXFileReference section */

/* Begin PBXFrameworksBuildPhase section */
		B08FDE0629E97EA2001C0CED /* Frameworks */ = {
			isa = PBXFrameworksBuildPhase;
			buildActionMask = 2147483647;
			files = (
				B08FDE6029E98654001C0CED /* Factory in Frameworks */,
			);
			runOnlyForDeploymentPostprocessing = 0;
		};
		B08FDE1C29E97EA3001C0CED /* Frameworks */ = {
			isa = PBXFrameworksBuildPhase;
			buildActionMask = 2147483647;
			files = (
			);
			runOnlyForDeploymentPostprocessing = 0;
		};
		B08FDE2629E97EA3001C0CED /* Frameworks */ = {
			isa = PBXFrameworksBuildPhase;
			buildActionMask = 2147483647;
			files = (
			);
			runOnlyForDeploymentPostprocessing = 0;
		};
/* End PBXFrameworksBuildPhase section */

/* Begin PBXGroup section */
		B08FDE0029E97EA2001C0CED = {
			isa = PBXGroup;
			children = (
				B08FDE0B29E97EA2001C0CED /* CleanSwiftExample */,
				B08FDE2229E97EA3001C0CED /* CleanSwiftExampleTests */,
				B08FDE2C29E97EA3001C0CED /* CleanSwiftExampleUITests */,
				B08FDE0A29E97EA2001C0CED /* Products */,
			);
			sourceTree = "<group>";
		};
		B08FDE0A29E97EA2001C0CED /* Products */ = {
			isa = PBXGroup;
			children = (
				B08FDE0929E97EA2001C0CED /* CleanSwiftExample.app */,
				B08FDE1F29E97EA3001C0CED /* CleanSwiftExampleTests.xctest */,
				B08FDE2929E97EA3001C0CED /* CleanSwiftExampleUITests.xctest */,
			);
			name = Products;
			sourceTree = "<group>";
		};
		B08FDE0B29E97EA2001C0CED /* CleanSwiftExample */ = {
			isa = PBXGroup;
			children = (
				B08FDE5D29E9863C001C0CED /* Injection */,
				B08FDE5A29E985A8001C0CED /* Mappers */,
				B08FDE5329E9810B001C0CED /* Workers */,
				B08FDE3F29E97F73001C0CED /* Scenes */,
				B08FDE3C29E97EF9001C0CED /* Coordinator */,
				B08FDE0C29E97EA2001C0CED /* AppDelegate.swift */,
				B08FDE0E29E97EA2001C0CED /* SceneDelegate.swift */,
				B08FDE1529E97EA3001C0CED /* Assets.xcassets */,
				B08FDE1729E97EA3001C0CED /* LaunchScreen.storyboard */,
				B08FDE1A29E97EA3001C0CED /* Info.plist */,
			);
			path = CleanSwiftExample;
			sourceTree = "<group>";
		};
		B08FDE2229E97EA3001C0CED /* CleanSwiftExampleTests */ = {
			isa = PBXGroup;
			children = (
				B08FDE2329E97EA3001C0CED /* CleanSwiftExampleTests.swift */,
			);
			path = CleanSwiftExampleTests;
			sourceTree = "<group>";
		};
		B08FDE2C29E97EA3001C0CED /* CleanSwiftExampleUITests */ = {
			isa = PBXGroup;
			children = (
				B08FDE2D29E97EA3001C0CED /* CleanSwiftExampleUITests.swift */,
				B08FDE2F29E97EA3001C0CED /* CleanSwiftExampleUITestsLaunchTests.swift */,
			);
			path = CleanSwiftExampleUITests;
			sourceTree = "<group>";
		};
		B08FDE3C29E97EF9001C0CED /* Coordinator */ = {
			isa = PBXGroup;
			children = (
				B08FDE3D29E97F03001C0CED /* AppCoordinator.swift */,
			);
			path = Coordinator;
			sourceTree = "<group>";
		};
		B08FDE3F29E97F73001C0CED /* Scenes */ = {
			isa = PBXGroup;
			children = (
				B08FDE4029E97F75001C0CED /* Search */,
				B08FDE5829E982F0001C0CED /* Assembling.swift */,
			);
			path = Scenes;
			sourceTree = "<group>";
		};
		B08FDE4029E97F75001C0CED /* Search */ = {
			isa = PBXGroup;
			children = (
				B08FDE4229E97F7D001C0CED /* Protocols */,
				B08FDE4129E97F79001C0CED /* Models */,
				B08FDE4329E97F94001C0CED /* SearchAssembly.swift */,
				B08FDE4529E97F9A001C0CED /* SearchInteractor.swift */,
				B08FDE4729E97FA0001C0CED /* SearchPresenter.swift */,
				B08FDE4929E97FA7001C0CED /* SearchState.swift */,
				B08FDE4B29E97FB0001C0CED /* SearchViewController.swift */,
			);
			path = Search;
			sourceTree = "<group>";
		};
		B08FDE4129E97F79001C0CED /* Models */ = {
			isa = PBXGroup;
			children = (
				B08FDE4D29E97FD8001C0CED /* SearchActions.swift */,
				B08FDE4F29E97FDF001C0CED /* SearchLogic.swift */,
				B08FDE5129E97FEB001C0CED /* SearchEntry.swift */,
			);
			path = Models;
			sourceTree = "<group>";
		};
		B08FDE4229E97F7D001C0CED /* Protocols */ = {
			isa = PBXGroup;
			children = (
				B08FDE5629E98202001C0CED /* SearchProtocols.swift */,
			);
			path = Protocols;
			sourceTree = "<group>";
		};
		B08FDE5329E9810B001C0CED /* Workers */ = {
			isa = PBXGroup;
			children = (
				B08FDE5429E98115001C0CED /* GetUserWorker.swift */,
			);
			path = Workers;
			sourceTree = "<group>";
		};
		B08FDE5A29E985A8001C0CED /* Mappers */ = {
			isa = PBXGroup;
			children = (
				B08FDE5B29E985B0001C0CED /* LocalisationMapper.swift */,
			);
			path = Mappers;
			sourceTree = "<group>";
		};
		B08FDE5D29E9863C001C0CED /* Injection */ = {
			isa = PBXGroup;
			children = (
				B08FDE6129E98670001C0CED /* DependencyManager.swift */,
			);
			path = Injection;
			sourceTree = "<group>";
		};
/* End PBXGroup section */

/* Begin PBXNativeTarget section */
		B08FDE0829E97EA2001C0CED /* CleanSwiftExample */ = {
			isa = PBXNativeTarget;
			buildConfigurationList = B08FDE3329E97EA3001C0CED /* Build configuration list for PBXNativeTarget "CleanSwiftExample" */;
			buildPhases = (
				B08FDE0529E97EA2001C0CED /* Sources */,
				B08FDE0629E97EA2001C0CED /* Frameworks */,
				B08FDE0729E97EA2001C0CED /* Resources */,
			);
			buildRules = (
			);
			dependencies = (
			);
			name = CleanSwiftExample;
			packageProductDependencies = (
				B08FDE5F29E98654001C0CED /* Factory */,
			);
			productName = CleanSwiftExample;
			productReference = B08FDE0929E97EA2001C0CED /* CleanSwiftExample.app */;
			productType = "com.apple.product-type.application";
		};
		B08FDE1E29E97EA3001C0CED /* CleanSwiftExampleTests */ = {
			isa = PBXNativeTarget;
			buildConfigurationList = B08FDE3629E97EA3001C0CED /* Build configuration list for PBXNativeTarget "CleanSwiftExampleTests" */;
			buildPhases = (
				B08FDE1B29E97EA3001C0CED /* Sources */,
				B08FDE1C29E97EA3001C0CED /* Frameworks */,
				B08FDE1D29E97EA3001C0CED /* Resources */,
			);
			buildRules = (
			);
			dependencies = (
				B08FDE2129E97EA3001C0CED /* PBXTargetDependency */,
			);
			name = CleanSwiftExampleTests;
			productName = CleanSwiftExampleTests;
			productReference = B08FDE1F29E97EA3001C0CED /* CleanSwiftExampleTests.xctest */;
			productType = "com.apple.product-type.bundle.unit-test";
		};
		B08FDE2829E97EA3001C0CED /* CleanSwiftExampleUITests */ = {
			isa = PBXNativeTarget;
			buildConfigurationList = B08FDE3929E97EA3001C0CED /* Build configuration list for PBXNativeTarget "CleanSwiftExampleUITests" */;
			buildPhases = (
				B08FDE2529E97EA3001C0CED /* Sources */,
				B08FDE2629E97EA3001C0CED /* Frameworks */,
				B08FDE2729E97EA3001C0CED /* Resources */,
			);
			buildRules = (
			);
			dependencies = (
				B08FDE2B29E97EA3001C0CED /* PBXTargetDependency */,
			);
			name = CleanSwiftExampleUITests;
			productName = CleanSwiftExampleUITests;
			productReference = B08FDE2929E97EA3001C0CED /* CleanSwiftExampleUITests.xctest */;
			productType = "com.apple.product-type.bundle.ui-testing";
		};
/* End PBXNativeTarget section */

/* Begin PBXProject section */
		B08FDE0129E97EA2001C0CED /* Project object */ = {
			isa = PBXProject;
			attributes = {
				BuildIndependentTargetsInParallel = 1;
				LastSwiftUpdateCheck = 1430;
				LastUpgradeCheck = 1430;
				TargetAttributes = {
					B08FDE0829E97EA2001C0CED = {
						CreatedOnToolsVersion = 14.3;
					};
					B08FDE1E29E97EA3001C0CED = {
						CreatedOnToolsVersion = 14.3;
						TestTargetID = B08FDE0829E97EA2001C0CED;
					};
					B08FDE2829E97EA3001C0CED = {
						CreatedOnToolsVersion = 14.3;
						TestTargetID = B08FDE0829E97EA2001C0CED;
					};
				};
			};
			buildConfigurationList = B08FDE0429E97EA2001C0CED /* Build configuration list for PBXProject "CleanSwiftExample" */;
			compatibilityVersion = "Xcode 14.0";
			developmentRegion = en;
			hasScannedForEncodings = 0;
			knownRegions = (
				en,
				Base,
			);
			mainGroup = B08FDE0029E97EA2001C0CED;
			packageReferences = (
				B08FDE5E29E98654001C0CED /* XCRemoteSwiftPackageReference "Factory" */,
			);
			productRefGroup = B08FDE0A29E97EA2001C0CED /* Products */;
			projectDirPath = "";
			projectRoot = "";
			targets = (
				B08FDE0829E97EA2001C0CED /* CleanSwiftExample */,
				B08FDE1E29E97EA3001C0CED /* CleanSwiftExampleTests */,
				B08FDE2829E97EA3001C0CED /* CleanSwiftExampleUITests */,
			);
		};
/* End PBXProject section */

/* Begin PBXResourcesBuildPhase section */
		B08FDE0729E97EA2001C0CED /* Resources */ = {
			isa = PBXResourcesBuildPhase;
			buildActionMask = 2147483647;
			files = (
				B08FDE1929E97EA3001C0CED /* LaunchScreen.storyboard in Resources */,
				B08FDE1629E97EA3001C0CED /* Assets.xcassets in Resources */,
			);
			runOnlyForDeploymentPostprocessing = 0;
		};
		B08FDE1D29E97EA3001C0CED /* Resources */ = {
			isa = PBXResourcesBuildPhase;
			buildActionMask = 2147483647;
			files = (
			);
			runOnlyForDeploymentPostprocessing = 0;
		};
		B08FDE2729E97EA3001C0CED /* Resources */ = {
			isa = PBXResourcesBuildPhase;
			buildActionMask = 2147483647;
			files = (
			);
			runOnlyForDeploymentPostprocessing = 0;
		};
/* End PBXResourcesBuildPhase section */

/* Begin PBXSourcesBuildPhase section */
		B08FDE0529E97EA2001C0CED /* Sources */ = {
			isa = PBXSourcesBuildPhase;
			buildActionMask = 2147483647;
			files = (
				B08FDE5929E982F0001C0CED /* Assembling.swift in Sources */,
				B08FDE3E29E97F03001C0CED /* AppCoordinator.swift in Sources */,
				B08FDE4429E97F94001C0CED /* SearchAssembly.swift in Sources */,
				B08FDE5729E98202001C0CED /* SearchProtocols.swift in Sources */,
				B08FDE4C29E97FB0001C0CED /* SearchViewController.swift in Sources */,
				B08FDE4829E97FA0001C0CED /* SearchPresenter.swift in Sources */,
				B08FDE5229E97FEB001C0CED /* SearchEntry.swift in Sources */,
				B08FDE0D29E97EA2001C0CED /* AppDelegate.swift in Sources */,
				B08FDE0F29E97EA2001C0CED /* SceneDelegate.swift in Sources */,
				B08FDE4629E97F9A001C0CED /* SearchInteractor.swift in Sources */,
				B08FDE4A29E97FA7001C0CED /* SearchState.swift in Sources */,
				B08FDE5029E97FDF001C0CED /* SearchLogic.swift in Sources */,
				B08FDE6229E98670001C0CED /* DependencyManager.swift in Sources */,
				B08FDE5C29E985B0001C0CED /* LocalisationMapper.swift in Sources */,
				B08FDE4E29E97FD8001C0CED /* SearchActions.swift in Sources */,
				B08FDE5529E98115001C0CED /* GetUserWorker.swift in Sources */,
			);
			runOnlyForDeploymentPostprocessing = 0;
		};
		B08FDE1B29E97EA3001C0CED /* Sources */ = {
			isa = PBXSourcesBuildPhase;
			buildActionMask = 2147483647;
			files = (
				B08FDE2429E97EA3001C0CED /* CleanSwiftExampleTests.swift in Sources */,
			);
			runOnlyForDeploymentPostprocessing = 0;
		};
		B08FDE2529E97EA3001C0CED /* Sources */ = {
			isa = PBXSourcesBuildPhase;
			buildActionMask = 2147483647;
			files = (
				B08FDE2E29E97EA3001C0CED /* CleanSwiftExampleUITests.swift in Sources */,
				B08FDE3029E97EA3001C0CED /* CleanSwiftExampleUITestsLaunchTests.swift in Sources */,
			);
			runOnlyForDeploymentPostprocessing = 0;
		};
/* End PBXSourcesBuildPhase section */

/* Begin PBXTargetDependency section */
		B08FDE2129E97EA3001C0CED /* PBXTargetDependency */ = {
			isa = PBXTargetDependency;
			target = B08FDE0829E97EA2001C0CED /* CleanSwiftExample */;
			targetProxy = B08FDE2029E97EA3001C0CED /* PBXContainerItemProxy */;
		};
		B08FDE2B29E97EA3001C0CED /* PBXTargetDependency */ = {
			isa = PBXTargetDependency;
			target = B08FDE0829E97EA2001C0CED /* CleanSwiftExample */;
			targetProxy = B08FDE2A29E97EA3001C0CED /* PBXContainerItemProxy */;
		};
/* End PBXTargetDependency section */

/* Begin PBXVariantGroup section */
		B08FDE1729E97EA3001C0CED /* LaunchScreen.storyboard */ = {
			isa = PBXVariantGroup;
			children = (
				B08FDE1829E97EA3001C0CED /* Base */,
			);
			name = LaunchScreen.storyboard;
			sourceTree = "<group>";
		};
/* End PBXVariantGroup section */

/* Begin XCBuildConfiguration section */
		B08FDE3129E97EA3001C0CED /* Debug */ = {
			isa = XCBuildConfiguration;
			buildSettings = {
				ALWAYS_SEARCH_USER_PATHS = NO;
				CLANG_ANALYZER_NONNULL = YES;
				CLANG_ANALYZER_NUMBER_OBJECT_CONVERSION = YES_AGGRESSIVE;
				CLANG_CXX_LANGUAGE_STANDARD = "gnu++20";
				CLANG_ENABLE_MODULES = YES;
				CLANG_ENABLE_OBJC_ARC = YES;
				CLANG_ENABLE_OBJC_WEAK = YES;
				CLANG_WARN_BLOCK_CAPTURE_AUTORELEASING = YES;
				CLANG_WARN_BOOL_CONVERSION = YES;
				CLANG_WARN_COMMA = YES;
				CLANG_WARN_CONSTANT_CONVERSION = YES;
				CLANG_WARN_DEPRECATED_OBJC_IMPLEMENTATIONS = YES;
				CLANG_WARN_DIRECT_OBJC_ISA_USAGE = YES_ERROR;
				CLANG_WARN_DOCUMENTATION_COMMENTS = YES;
				CLANG_WARN_EMPTY_BODY = YES;
				CLANG_WARN_ENUM_CONVERSION = YES;
				CLANG_WARN_INFINITE_RECURSION = YES;
				CLANG_WARN_INT_CONVERSION = YES;
				CLANG_WARN_NON_LITERAL_NULL_CONVERSION = YES;
				CLANG_WARN_OBJC_IMPLICIT_RETAIN_SELF = YES;
				CLANG_WARN_OBJC_LITERAL_CONVERSION = YES;
				CLANG_WARN_OBJC_ROOT_CLASS = YES_ERROR;
				CLANG_WARN_QUOTED_INCLUDE_IN_FRAMEWORK_HEADER = YES;
				CLANG_WARN_RANGE_LOOP_ANALYSIS = YES;
				CLANG_WARN_STRICT_PROTOTYPES = YES;
				CLANG_WARN_SUSPICIOUS_MOVE = YES;
				CLANG_WARN_UNGUARDED_AVAILABILITY = YES_AGGRESSIVE;
				CLANG_WARN_UNREACHABLE_CODE = YES;
				CLANG_WARN__DUPLICATE_METHOD_MATCH = YES;
				COPY_PHASE_STRIP = NO;
				DEBUG_INFORMATION_FORMAT = dwarf;
				ENABLE_STRICT_OBJC_MSGSEND = YES;
				ENABLE_TESTABILITY = YES;
				GCC_C_LANGUAGE_STANDARD = gnu11;
				GCC_DYNAMIC_NO_PIC = NO;
				GCC_NO_COMMON_BLOCKS = YES;
				GCC_OPTIMIZATION_LEVEL = 0;
				GCC_PREPROCESSOR_DEFINITIONS = (
					"DEBUG=1",
					"$(inherited)",
				);
				GCC_WARN_64_TO_32_BIT_CONVERSION = YES;
				GCC_WARN_ABOUT_RETURN_TYPE = YES_ERROR;
				GCC_WARN_UNDECLARED_SELECTOR = YES;
				GCC_WARN_UNINITIALIZED_AUTOS = YES_AGGRESSIVE;
				GCC_WARN_UNUSED_FUNCTION = YES;
				GCC_WARN_UNUSED_VARIABLE = YES;
				IPHONEOS_DEPLOYMENT_TARGET = 16.4;
				MTL_ENABLE_DEBUG_INFO = INCLUDE_SOURCE;
				MTL_FAST_MATH = YES;
				ONLY_ACTIVE_ARCH = YES;
				SDKROOT = iphoneos;
				SWIFT_ACTIVE_COMPILATION_CONDITIONS = DEBUG;
				SWIFT_OPTIMIZATION_LEVEL = "-Onone";
			};
			name = Debug;
		};
		B08FDE3229E97EA3001C0CED /* Release */ = {
			isa = XCBuildConfiguration;
			buildSettings = {
				ALWAYS_SEARCH_USER_PATHS = NO;
				CLANG_ANALYZER_NONNULL = YES;
				CLANG_ANALYZER_NUMBER_OBJECT_CONVERSION = YES_AGGRESSIVE;
				CLANG_CXX_LANGUAGE_STANDARD = "gnu++20";
				CLANG_ENABLE_MODULES = YES;
				CLANG_ENABLE_OBJC_ARC = YES;
				CLANG_ENABLE_OBJC_WEAK = YES;
				CLANG_WARN_BLOCK_CAPTURE_AUTORELEASING = YES;
				CLANG_WARN_BOOL_CONVERSION = YES;
				CLANG_WARN_COMMA = YES;
				CLANG_WARN_CONSTANT_CONVERSION = YES;
				CLANG_WARN_DEPRECATED_OBJC_IMPLEMENTATIONS = YES;
				CLANG_WARN_DIRECT_OBJC_ISA_USAGE = YES_ERROR;
				CLANG_WARN_DOCUMENTATION_COMMENTS = YES;
				CLANG_WARN_EMPTY_BODY = YES;
				CLANG_WARN_ENUM_CONVERSION = YES;
				CLANG_WARN_INFINITE_RECURSION = YES;
				CLANG_WARN_INT_CONVERSION = YES;
				CLANG_WARN_NON_LITERAL_NULL_CONVERSION = YES;
				CLANG_WARN_OBJC_IMPLICIT_RETAIN_SELF = YES;
				CLANG_WARN_OBJC_LITERAL_CONVERSION = YES;
				CLANG_WARN_OBJC_ROOT_CLASS = YES_ERROR;
				CLANG_WARN_QUOTED_INCLUDE_IN_FRAMEWORK_HEADER = YES;
				CLANG_WARN_RANGE_LOOP_ANALYSIS = YES;
				CLANG_WARN_STRICT_PROTOTYPES = YES;
				CLANG_WARN_SUSPICIOUS_MOVE = YES;
				CLANG_WARN_UNGUARDED_AVAILABILITY = YES_AGGRESSIVE;
				CLANG_WARN_UNREACHABLE_CODE = YES;
				CLANG_WARN__DUPLICATE_METHOD_MATCH = YES;
				COPY_PHASE_STRIP = NO;
				DEBUG_INFORMATION_FORMAT = "dwarf-with-dsym";
				ENABLE_NS_ASSERTIONS = NO;
				ENABLE_STRICT_OBJC_MSGSEND = YES;
				GCC_C_LANGUAGE_STANDARD = gnu11;
				GCC_NO_COMMON_BLOCKS = YES;
				GCC_WARN_64_TO_32_BIT_CONVERSION = YES;
				GCC_WARN_ABOUT_RETURN_TYPE = YES_ERROR;
				GCC_WARN_UNDECLARED_SELECTOR = YES;
				GCC_WARN_UNINITIALIZED_AUTOS = YES_AGGRESSIVE;
				GCC_WARN_UNUSED_FUNCTION = YES;
				GCC_WARN_UNUSED_VARIABLE = YES;
				IPHONEOS_DEPLOYMENT_TARGET = 16.4;
				MTL_ENABLE_DEBUG_INFO = NO;
				MTL_FAST_MATH = YES;
				SDKROOT = iphoneos;
				SWIFT_COMPILATION_MODE = wholemodule;
				SWIFT_OPTIMIZATION_LEVEL = "-O";
				VALIDATE_PRODUCT = YES;
			};
			name = Release;
		};
		B08FDE3429E97EA3001C0CED /* Debug */ = {
			isa = XCBuildConfiguration;
			buildSettings = {
				ASSETCATALOG_COMPILER_APPICON_NAME = AppIcon;
				ASSETCATALOG_COMPILER_GLOBAL_ACCENT_COLOR_NAME = AccentColor;
				CODE_SIGN_STYLE = Automatic;
				CURRENT_PROJECT_VERSION = 1;
				GENERATE_INFOPLIST_FILE = YES;
				INFOPLIST_FILE = CleanSwiftExample/Info.plist;
				INFOPLIST_KEY_UIApplicationSupportsIndirectInputEvents = YES;
				INFOPLIST_KEY_UILaunchStoryboardName = LaunchScreen.storyboard;
				INFOPLIST_KEY_UISupportedInterfaceOrientations_iPad = "UIInterfaceOrientationPortrait UIInterfaceOrientationPortraitUpsideDown UIInterfaceOrientationLandscapeLeft UIInterfaceOrientationLandscapeRight";
				INFOPLIST_KEY_UISupportedInterfaceOrientations_iPhone = "UIInterfaceOrientationPortrait UIInterfaceOrientationLandscapeLeft UIInterfaceOrientationLandscapeRight";
				LD_RUNPATH_SEARCH_PATHS = (
					"$(inherited)",
					"@executable_path/Frameworks",
				);
				MARKETING_VERSION = 1.0;
				PRODUCT_BUNDLE_IDENTIFIER = wbd.CleanSwiftExample;
				PRODUCT_NAME = "$(TARGET_NAME)";
				SWIFT_EMIT_LOC_STRINGS = YES;
				SWIFT_VERSION = 5.0;
				TARGETED_DEVICE_FAMILY = "1,2";
			};
			name = Debug;
		};
		B08FDE3529E97EA3001C0CED /* Release */ = {
			isa = XCBuildConfiguration;
			buildSettings = {
				ASSETCATALOG_COMPILER_APPICON_NAME = AppIcon;
				ASSETCATALOG_COMPILER_GLOBAL_ACCENT_COLOR_NAME = AccentColor;
				CODE_SIGN_STYLE = Automatic;
				CURRENT_PROJECT_VERSION = 1;
				GENERATE_INFOPLIST_FILE = YES;
				INFOPLIST_FILE = CleanSwiftExample/Info.plist;
				INFOPLIST_KEY_UIApplicationSupportsIndirectInputEvents = YES;
				INFOPLIST_KEY_UILaunchStoryboardName = LaunchScreen.storyboard;
				INFOPLIST_KEY_UISupportedInterfaceOrientations_iPad = "UIInterfaceOrientationPortrait UIInterfaceOrientationPortraitUpsideDown UIInterfaceOrientationLandscapeLeft UIInterfaceOrientationLandscapeRight";
				INFOPLIST_KEY_UISupportedInterfaceOrientations_iPhone = "UIInterfaceOrientationPortrait UIInterfaceOrientationLandscapeLeft UIInterfaceOrientationLandscapeRight";
				LD_RUNPATH_SEARCH_PATHS = (
					"$(inherited)",
					"@executable_path/Frameworks",
				);
				MARKETING_VERSION = 1.0;
				PRODUCT_BUNDLE_IDENTIFIER = wbd.CleanSwiftExample;
				PRODUCT_NAME = "$(TARGET_NAME)";
				SWIFT_EMIT_LOC_STRINGS = YES;
				SWIFT_VERSION = 5.0;
				TARGETED_DEVICE_FAMILY = "1,2";
			};
			name = Release;
		};
		B08FDE3729E97EA3001C0CED /* Debug */ = {
			isa = XCBuildConfiguration;
			buildSettings = {
				ALWAYS_EMBED_SWIFT_STANDARD_LIBRARIES = YES;
				BUNDLE_LOADER = "$(TEST_HOST)";
				CODE_SIGN_STYLE = Automatic;
				CURRENT_PROJECT_VERSION = 1;
				GENERATE_INFOPLIST_FILE = YES;
				IPHONEOS_DEPLOYMENT_TARGET = 16.4;
				MARKETING_VERSION = 1.0;
				PRODUCT_BUNDLE_IDENTIFIER = wbd.CleanSwiftExampleTests;
				PRODUCT_NAME = "$(TARGET_NAME)";
				SWIFT_EMIT_LOC_STRINGS = NO;
				SWIFT_VERSION = 5.0;
				TARGETED_DEVICE_FAMILY = "1,2";
				TEST_HOST = "$(BUILT_PRODUCTS_DIR)/CleanSwiftExample.app/$(BUNDLE_EXECUTABLE_FOLDER_PATH)/CleanSwiftExample";
			};
			name = Debug;
		};
		B08FDE3829E97EA3001C0CED /* Release */ = {
			isa = XCBuildConfiguration;
			buildSettings = {
				ALWAYS_EMBED_SWIFT_STANDARD_LIBRARIES = YES;
				BUNDLE_LOADER = "$(TEST_HOST)";
				CODE_SIGN_STYLE = Automatic;
				CURRENT_PROJECT_VERSION = 1;
				GENERATE_INFOPLIST_FILE = YES;
				IPHONEOS_DEPLOYMENT_TARGET = 16.4;
				MARKETING_VERSION = 1.0;
				PRODUCT_BUNDLE_IDENTIFIER = wbd.CleanSwiftExampleTests;
				PRODUCT_NAME = "$(TARGET_NAME)";
				SWIFT_EMIT_LOC_STRINGS = NO;
				SWIFT_VERSION = 5.0;
				TARGETED_DEVICE_FAMILY = "1,2";
				TEST_HOST = "$(BUILT_PRODUCTS_DIR)/CleanSwiftExample.app/$(BUNDLE_EXECUTABLE_FOLDER_PATH)/CleanSwiftExample";
			};
			name = Release;
		};
		B08FDE3A29E97EA3001C0CED /* Debug */ = {
			isa = XCBuildConfiguration;
			buildSettings = {
				ALWAYS_EMBED_SWIFT_STANDARD_LIBRARIES = YES;
				CODE_SIGN_STYLE = Automatic;
				CURRENT_PROJECT_VERSION = 1;
				GENERATE_INFOPLIST_FILE = YES;
				MARKETING_VERSION = 1.0;
				PRODUCT_BUNDLE_IDENTIFIER = wbd.CleanSwiftExampleUITests;
				PRODUCT_NAME = "$(TARGET_NAME)";
				SWIFT_EMIT_LOC_STRINGS = NO;
				SWIFT_VERSION = 5.0;
				TARGETED_DEVICE_FAMILY = "1,2";
				TEST_TARGET_NAME = CleanSwiftExample;
			};
			name = Debug;
		};
		B08FDE3B29E97EA3001C0CED /* Release */ = {
			isa = XCBuildConfiguration;
			buildSettings = {
				ALWAYS_EMBED_SWIFT_STANDARD_LIBRARIES = YES;
				CODE_SIGN_STYLE = Automatic;
				CURRENT_PROJECT_VERSION = 1;
				GENERATE_INFOPLIST_FILE = YES;
				MARKETING_VERSION = 1.0;
				PRODUCT_BUNDLE_IDENTIFIER = wbd.CleanSwiftExampleUITests;
				PRODUCT_NAME = "$(TARGET_NAME)";
				SWIFT_EMIT_LOC_STRINGS = NO;
				SWIFT_VERSION = 5.0;
				TARGETED_DEVICE_FAMILY = "1,2";
				TEST_TARGET_NAME = CleanSwiftExample;
			};
			name = Release;
		};
/* End XCBuildConfiguration section */

/* Begin XCConfigurationList section */
		B08FDE0429E97EA2001C0CED /* Build configuration list for PBXProject "CleanSwiftExample" */ = {
			isa = XCConfigurationList;
			buildConfigurations = (
				B08FDE3129E97EA3001C0CED /* Debug */,
				B08FDE3229E97EA3001C0CED /* Release */,
			);
			defaultConfigurationIsVisible = 0;
			defaultConfigurationName = Release;
		};
		B08FDE3329E97EA3001C0CED /* Build configuration list for PBXNativeTarget "CleanSwiftExample" */ = {
			isa = XCConfigurationList;
			buildConfigurations = (
				B08FDE3429E97EA3001C0CED /* Debug */,
				B08FDE3529E97EA3001C0CED /* Release */,
			);
			defaultConfigurationIsVisible = 0;
			defaultConfigurationName = Release;
		};
		B08FDE3629E97EA3001C0CED /* Build configuration list for PBXNativeTarget "CleanSwiftExampleTests" */ = {
			isa = XCConfigurationList;
			buildConfigurations = (
				B08FDE3729E97EA3001C0CED /* Debug */,
				B08FDE3829E97EA3001C0CED /* Release */,
			);
			defaultConfigurationIsVisible = 0;
			defaultConfigurationName = Release;
		};
		B08FDE3929E97EA3001C0CED /* Build configuration list for PBXNativeTarget "CleanSwiftExampleUITests" */ = {
			isa = XCConfigurationList;
			buildConfigurations = (
				B08FDE3A29E97EA3001C0CED /* Debug */,
				B08FDE3B29E97EA3001C0CED /* Release */,
			);
			defaultConfigurationIsVisible = 0;
			defaultConfigurationName = Release;
		};
/* End XCConfigurationList section */

/* Begin XCRemoteSwiftPackageReference section */
		B08FDE5E29E98654001C0CED /* XCRemoteSwiftPackageReference "Factory" */ = {
			isa = XCRemoteSwiftPackageReference;
			repositoryURL = "https://github.com/hmlongco/Factory";
			requirement = {
				kind = upToNextMajorVersion;
				minimumVersion = 2.0.0;
			};
		};
/* End XCRemoteSwiftPackageReference section */

/* Begin XCSwiftPackageProductDependency section */
		B08FDE5F29E98654001C0CED /* Factory */ = {
			isa = XCSwiftPackageProductDependency;
			package = B08FDE5E29E98654001C0CED /* XCRemoteSwiftPackageReference "Factory" */;
			productName = Factory;
		};
/* End XCSwiftPackageProductDependency section */
	};
	rootObject = B08FDE0129E97EA2001C0CED /* Project object */;
}
